
Microsoft Visual Studio Solution File, Format Version 12.00
# Visual Studio 15
VisualStudioVersion = 15.0.27703.2042
MinimumVisualStudioVersion = 10.0.40219.1
Project("{2150E333-8FDC-42A3-9474-1A3956D46DE8}") = "DevelopmentNotes", "DevelopmentNotes", "{6B93B2F5-1A05-45E6-889E-A44E32265E40}"
	ProjectSection(SolutionItems) = preProject
		DevelopmentNotes.txt = DevelopmentNotes.txt
	EndProjectSection
EndProject
Project("{00D1A9C2-B5F0-4AF3-8072-F6C62B433612}") = "SQL-Scripts", "SQL-Scripts\SQL-Scripts.sqlproj", "{88DA4425-7C03-4CBA-B264-C99814EF1377}"
EndProject
Project("{159641D6-6404-4A2A-AE62-294DE0FE8301}") = "SSIS_Integration", "SSIS_Integration\SSIS_Integration.dtproj", "{1606C108-F050-4611-8723-262C9F20716B}"
EndProject
Project("{2150E333-8FDC-42A3-9474-1A3956D46DE8}") = "PowerBI", "PowerBI", "{B2460B5D-A113-47B3-9DD8-929891CC2C9B}"
	ProjectSection(SolutionItems) = preProject
		PowerBI_Reports\StSData_Jorbs.pbix = PowerBI_Reports\StSData_Jorbs.pbix
	EndProjectSection
EndProject
Global
	GlobalSection(SolutionConfigurationPlatforms) = preSolution
		Debug|Any CPU = Debug|Any CPU
		Debug|x86 = Debug|x86
		Development|Any CPU = Development|Any CPU
		Development|x86 = Development|x86
		Release|Any CPU = Release|Any CPU
		Release|x86 = Release|x86
	EndGlobalSection
	GlobalSection(ProjectConfigurationPlatforms) = postSolution
		{88DA4425-7C03-4CBA-B264-C99814EF1377}.Debug|Any CPU.ActiveCfg = Debug|Any CPU
		{88DA4425-7C03-4CBA-B264-C99814EF1377}.Debug|Any CPU.Build.0 = Debug|Any CPU
		{88DA4425-7C03-4CBA-B264-C99814EF1377}.Debug|Any CPU.Deploy.0 = Debug|Any CPU
		{88DA4425-7C03-4CBA-B264-C99814EF1377}.Debug|x86.ActiveCfg = Debug|Any CPU
		{88DA4425-7C03-4CBA-B264-C99814EF1377}.Debug|x86.Build.0 = Debug|Any CPU
		{88DA4425-7C03-4CBA-B264-C99814EF1377}.Debug|x86.Deploy.0 = Debug|Any CPU
		{88DA4425-7C03-4CBA-B264-C99814EF1377}.Development|Any CPU.ActiveCfg = Debug|Any CPU
		{88DA4425-7C03-4CBA-B264-C99814EF1377}.Development|Any CPU.Build.0 = Debug|Any CPU
		{88DA4425-7C03-4CBA-B264-C99814EF1377}.Development|Any CPU.Deploy.0 = Debug|Any CPU
		{88DA4425-7C03-4CBA-B264-C99814EF1377}.Development|x86.ActiveCfg = Debug|Any CPU
		{88DA4425-7C03-4CBA-B264-C99814EF1377}.Development|x86.Build.0 = Debug|Any CPU
		{88DA4425-7C03-4CBA-B264-C99814EF1377}.Development|x86.Deploy.0 = Debug|Any CPU
		{88DA4425-7C03-4CBA-B264-C99814EF1377}.Release|Any CPU.ActiveCfg = Release|Any CPU
		{88DA4425-7C03-4CBA-B264-C99814EF1377}.Release|Any CPU.Build.0 = Release|Any CPU
		{88DA4425-7C03-4CBA-B264-C99814EF1377}.Release|Any CPU.Deploy.0 = Release|Any CPU
		{88DA4425-7C03-4CBA-B264-C99814EF1377}.Release|x86.ActiveCfg = Release|Any CPU
		{88DA4425-7C03-4CBA-B264-C99814EF1377}.Release|x86.Build.0 = Release|Any CPU
		{88DA4425-7C03-4CBA-B264-C99814EF1377}.Release|x86.Deploy.0 = Release|Any CPU
		{1606C108-F050-4611-8723-262C9F20716B}.Debug|Any CPU.ActiveCfg = Development
		{1606C108-F050-4611-8723-262C9F20716B}.Debug|Any CPU.Build.0 = Development
		{1606C108-F050-4611-8723-262C9F20716B}.Debug|x86.ActiveCfg = Development
		{1606C108-F050-4611-8723-262C9F20716B}.Debug|x86.Build.0 = Development
		{1606C108-F050-4611-8723-262C9F20716B}.Development|Any CPU.ActiveCfg = Development
		{1606C108-F050-4611-8723-262C9F20716B}.Development|Any CPU.Build.0 = Development
		{1606C108-F050-4611-8723-262C9F20716B}.Development|x86.ActiveCfg = Development
		{1606C108-F050-4611-8723-262C9F20716B}.Development|x86.Build.0 = Development
		{1606C108-F050-4611-8723-262C9F20716B}.Release|Any CPU.ActiveCfg = Development
		{1606C108-F050-4611-8723-262C9F20716B}.Release|Any CPU.Build.0 = Development
		{1606C108-F050-4611-8723-262C9F20716B}.Release|x86.ActiveCfg = Development
		{1606C108-F050-4611-8723-262C9F20716B}.Release|x86.Build.0 = Development
	EndGlobalSection
	GlobalSection(SolutionProperties) = preSolution
		HideSolutionNode = FALSE
	EndGlobalSection
	GlobalSection(ExtensibilityGlobals) = postSolution
		SolutionGuid = {1A798173-16E1-4368-AF33-C31D0EA2F4BC}
	EndGlobalSection
EndGlobal
